
Microsoft Visual Studio Solution File, Format Version 12.00
# Visual Studio Version 17
VisualStudioVersion = 17.9.34616.47
MinimumVisualStudioVersion = 10.0.40219.1
Project("{FAE04EC0-301F-11D3-BF4B-00C04F79EFBC}") = "Homework9", "Homework9\Homework9.csproj", "{C174E2C9-5F5D-41A7-80EE-C69728307F9B}"
EndProject
Global
	GlobalSection(SolutionConfigurationPlatforms) = preSolution
		Debug|Any CPU = Debug|Any CPU
		Release|Any CPU = Release|Any CPU
	EndGlobalSection
	GlobalSection(ProjectConfigurationPlatforms) = postSolution
		{C174E2C9-5F5D-41A7-80EE-C69728307F9B}.Debug|Any CPU.ActiveCfg = Debug|Any CPU
		{C174E2C9-5F5D-41A7-80EE-C69728307F9B}.Debug|Any CPU.Build.0 = Debug|Any CPU
		{C174E2C9-5F5D-41A7-80EE-C69728307F9B}.Release|Any CPU.ActiveCfg = Release|Any CPU
		{C174E2C9-5F5D-41A7-80EE-C69728307F9B}.Release|Any CPU.Build.0 = Release|Any CPU
	EndGlobalSection
	GlobalSection(SolutionProperties) = preSolution
		HideSolutionNode = FALSE
	EndGlobalSection
	GlobalSection(ExtensibilityGlobals) = postSolution
		SolutionGuid = {84D91EC3-B52A-4ABE-B6BC-05B052E458F7}
	EndGlobalSection
EndGlobal
