
Microsoft Visual Studio Solution File, Format Version 12.00
# Visual Studio Version 17
VisualStudioVersion = 17.9.34616.47
MinimumVisualStudioVersion = 10.0.40219.1
Project("{FAE04EC0-301F-11D3-BF4B-00C04F79EFBC}") = "Homework3", "Homework3\Homework3.csproj", "{F1DB17CA-95BE-4C27-9926-9258F515A7C7}"
EndProject
Global
	GlobalSection(SolutionConfigurationPlatforms) = preSolution
		Debug|Any CPU = Debug|Any CPU
		Release|Any CPU = Release|Any CPU
	EndGlobalSection
	GlobalSection(ProjectConfigurationPlatforms) = postSolution
		{F1DB17CA-95BE-4C27-9926-9258F515A7C7}.Debug|Any CPU.ActiveCfg = Debug|Any CPU
		{F1DB17CA-95BE-4C27-9926-9258F515A7C7}.Debug|Any CPU.Build.0 = Debug|Any CPU
		{F1DB17CA-95BE-4C27-9926-9258F515A7C7}.Release|Any CPU.ActiveCfg = Release|Any CPU
		{F1DB17CA-95BE-4C27-9926-9258F515A7C7}.Release|Any CPU.Build.0 = Release|Any CPU
	EndGlobalSection
	GlobalSection(SolutionProperties) = preSolution
		HideSolutionNode = FALSE
	EndGlobalSection
	GlobalSection(ExtensibilityGlobals) = postSolution
		SolutionGuid = {75A0981F-346F-49C7-943B-730818AEAFBB}
	EndGlobalSection
EndGlobal
