
Microsoft Visual Studio Solution File, Format Version 12.00
# Visual Studio Version 17
VisualStudioVersion = 17.9.34616.47
MinimumVisualStudioVersion = 10.0.40219.1
Project("{FAE04EC0-301F-11D3-BF4B-00C04F79EFBC}") = "AverageNumber", "AverageNumber\AverageNumber.csproj", "{CA1D7BD3-F776-4D4F-82A7-8EF03494AAA4}"
EndProject
Global
	GlobalSection(SolutionConfigurationPlatforms) = preSolution
		Debug|Any CPU = Debug|Any CPU
		Release|Any CPU = Release|Any CPU
	EndGlobalSection
	GlobalSection(ProjectConfigurationPlatforms) = postSolution
		{CA1D7BD3-F776-4D4F-82A7-8EF03494AAA4}.Debug|Any CPU.ActiveCfg = Debug|Any CPU
		{CA1D7BD3-F776-4D4F-82A7-8EF03494AAA4}.Debug|Any CPU.Build.0 = Debug|Any CPU
		{CA1D7BD3-F776-4D4F-82A7-8EF03494AAA4}.Release|Any CPU.ActiveCfg = Release|Any CPU
		{CA1D7BD3-F776-4D4F-82A7-8EF03494AAA4}.Release|Any CPU.Build.0 = Release|Any CPU
	EndGlobalSection
	GlobalSection(SolutionProperties) = preSolution
		HideSolutionNode = FALSE
	EndGlobalSection
	GlobalSection(ExtensibilityGlobals) = postSolution
		SolutionGuid = {A0C92344-4437-412B-9566-D64D520C6C77}
	EndGlobalSection
EndGlobal
