
Microsoft Visual Studio Solution File, Format Version 12.00
# Visual Studio Version 17
VisualStudioVersion = 17.9.34616.47
MinimumVisualStudioVersion = 10.0.40219.1
Project("{FAE04EC0-301F-11D3-BF4B-00C04F79EFBC}") = "TASK1", "TASK1\TASK1.csproj", "{DCA0F18B-CC91-40D0-9406-29A566645151}"
EndProject
Global
	GlobalSection(SolutionConfigurationPlatforms) = preSolution
		Debug|Any CPU = Debug|Any CPU
		Release|Any CPU = Release|Any CPU
	EndGlobalSection
	GlobalSection(ProjectConfigurationPlatforms) = postSolution
		{DCA0F18B-CC91-40D0-9406-29A566645151}.Debug|Any CPU.ActiveCfg = Debug|Any CPU
		{DCA0F18B-CC91-40D0-9406-29A566645151}.Debug|Any CPU.Build.0 = Debug|Any CPU
		{DCA0F18B-CC91-40D0-9406-29A566645151}.Release|Any CPU.ActiveCfg = Release|Any CPU
		{DCA0F18B-CC91-40D0-9406-29A566645151}.Release|Any CPU.Build.0 = Release|Any CPU
	EndGlobalSection
	GlobalSection(SolutionProperties) = preSolution
		HideSolutionNode = FALSE
	EndGlobalSection
	GlobalSection(ExtensibilityGlobals) = postSolution
		SolutionGuid = {BDF8EFFE-5273-4518-8C51-E9F375D528E7}
	EndGlobalSection
EndGlobal
